// !$*UTF8*$!
{
	archiveVersion = 1;
	classes = {
	};
	objectVersion = 48;
	objects = {

/* Begin PBXBuildFile section */
		0405B04F204991B70007BF0D /* SWProblemObject.swift in Sources */ = {isa = PBXBuildFile; fileRef = 0405B04E204991B70007BF0D /* SWProblemObject.swift */; };
		0405B051204995A10007BF0D /* SWProblemManager.swift in Sources */ = {isa = PBXBuildFile; fileRef = 0405B050204995A10007BF0D /* SWProblemManager.swift */; };
		044C4022203337B900B77A4E /* Utilities.swift in Sources */ = {isa = PBXBuildFile; fileRef = 044C4014203337B900B77A4E /* Utilities.swift */; };
		044C4023203337B900B77A4E /* AnimatableImageView.swift in Sources */ = {isa = PBXBuildFile; fileRef = 044C4015203337B900B77A4E /* AnimatableImageView.swift */; };
		044C4025203337B900B77A4E /* ImageViewerController.xib in Resources */ = {isa = PBXBuildFile; fileRef = 044C4019203337B900B77A4E /* ImageViewerController.xib */; };
		044C4026203337B900B77A4E /* ImageViewerConfiguration.swift in Sources */ = {isa = PBXBuildFile; fileRef = 044C401A203337B900B77A4E /* ImageViewerConfiguration.swift */; };
		044C4027203337B900B77A4E /* ImageViewerTransitioningHandler.swift in Sources */ = {isa = PBXBuildFile; fileRef = 044C401C203337B900B77A4E /* ImageViewerTransitioningHandler.swift */; };
		044C4028203337B900B77A4E /* ImageViewerDismissalInteractor.swift in Sources */ = {isa = PBXBuildFile; fileRef = 044C401D203337B900B77A4E /* ImageViewerDismissalInteractor.swift */; };
		044C4029203337B900B77A4E /* ImageViewerPresentationTransition.swift in Sources */ = {isa = PBXBuildFile; fileRef = 044C401E203337B900B77A4E /* ImageViewerPresentationTransition.swift */; };
		044C402A203337B900B77A4E /* ImageViewerDismissalTransition.swift in Sources */ = {isa = PBXBuildFile; fileRef = 044C401F203337B900B77A4E /* ImageViewerDismissalTransition.swift */; };
		044C402B203337B900B77A4E /* ImageViewerController.swift in Sources */ = {isa = PBXBuildFile; fileRef = 044C4020203337B900B77A4E /* ImageViewerController.swift */; };
		045A4A142021CC7E00D08C00 /* SWPageLayout.swift in Sources */ = {isa = PBXBuildFile; fileRef = 045A4A132021CC7E00D08C00 /* SWPageLayout.swift */; };
		04763C5120553AA100BB0AA4 /* SWMarkedProblemsView.swift in Sources */ = {isa = PBXBuildFile; fileRef = 04763C5020553AA100BB0AA4 /* SWMarkedProblemsView.swift */; };
		04763C53205547DF00BB0AA4 /* SWMarkedAssemly.swift in Sources */ = {isa = PBXBuildFile; fileRef = 04763C52205547DF00BB0AA4 /* SWMarkedAssemly.swift */; };
		04763C55205548B100BB0AA4 /* SWMarkedPresenter.swift in Sources */ = {isa = PBXBuildFile; fileRef = 04763C54205548B100BB0AA4 /* SWMarkedPresenter.swift */; };
		047752C220401EB8001FC3A7 /* SWMarkedProblemsController.swift in Sources */ = {isa = PBXBuildFile; fileRef = 047752C120401EB8001FC3A7 /* SWMarkedProblemsController.swift */; };
		047752C520401F0F001FC3A7 /* SWOwnProblemsController.swift in Sources */ = {isa = PBXBuildFile; fileRef = 047752C420401F0F001FC3A7 /* SWOwnProblemsController.swift */; };
		0485120B202DC8AE0058E3B0 /* SWImageCardForProblemCell.swift in Sources */ = {isa = PBXBuildFile; fileRef = 0485120A202DC8AE0058E3B0 /* SWImageCardForProblemCell.swift */; };
		048541B120211A44008E6CCA /* SVSwipeCardsView.swift in Sources */ = {isa = PBXBuildFile; fileRef = 048541B020211A44008E6CCA /* SVSwipeCardsView.swift */; };
		048541B320211A4F008E6CCA /* SVSwipeCard.swift in Sources */ = {isa = PBXBuildFile; fileRef = 048541B220211A4F008E6CCA /* SVSwipeCard.swift */; };
		048955372020DBEA00D9D1A5 /* SWProblemCell.swift in Sources */ = {isa = PBXBuildFile; fileRef = 048955362020DBEA00D9D1A5 /* SWProblemCell.swift */; };
		04BCAE212055558F00CCF1C5 /* SWMarkedProblemCell.swift in Sources */ = {isa = PBXBuildFile; fileRef = 04BCAE202055558F00CCF1C5 /* SWMarkedProblemCell.swift */; };
		04C488C92049701900C626E4 /* GoogleService-Info.plist in Resources */ = {isa = PBXBuildFile; fileRef = 04C488C82049701900C626E4 /* GoogleService-Info.plist */; };
		04E4589F2030C8B60090BFF7 /* SWScaleTransition.swift in Sources */ = {isa = PBXBuildFile; fileRef = 04E4589E2030C8B60090BFF7 /* SWScaleTransition.swift */; };
		04E458A32030CAF90090BFF7 /* SWMapViewController.swift in Sources */ = {isa = PBXBuildFile; fileRef = 04E458A22030CAF90090BFF7 /* SWMapViewController.swift */; };
		04E458A92030D2E20090BFF7 /* SWMapView.swift in Sources */ = {isa = PBXBuildFile; fileRef = 04E458A82030D2E20090BFF7 /* SWMapView.swift */; };
		04EAAC292031DA0000115ECA /* ColorHexExtension.swift in Sources */ = {isa = PBXBuildFile; fileRef = 04EAAC282031DA0000115ECA /* ColorHexExtension.swift */; };
		0AFE964620108E8A00198B51 /* AppDelegate.swift in Sources */ = {isa = PBXBuildFile; fileRef = 0AFE964520108E8A00198B51 /* AppDelegate.swift */; };
		0AFE964820108E8A00198B51 /* SWFreshProblemController.swift in Sources */ = {isa = PBXBuildFile; fileRef = 0AFE964720108E8A00198B51 /* SWFreshProblemController.swift */; };
		0AFE964D20108E8A00198B51 /* Assets.xcassets in Resources */ = {isa = PBXBuildFile; fileRef = 0AFE964C20108E8A00198B51 /* Assets.xcassets */; };
		0AFE965020108E8A00198B51 /* LaunchScreen.storyboard in Resources */ = {isa = PBXBuildFile; fileRef = 0AFE964E20108E8A00198B51 /* LaunchScreen.storyboard */; };
		2F1CAC9E2B58B4EAF4CAA7BE /* Pods_testTind.framework in Frameworks */ = {isa = PBXBuildFile; fileRef = 57DEB6E9E54197C7DB7507C5 /* Pods_testTind.framework */; };
/* End PBXBuildFile section */

/* Begin PBXFileReference section */
		0405B04E204991B70007BF0D /* SWProblemObject.swift */ = {isa = PBXFileReference; lastKnownFileType = sourcecode.swift; path = SWProblemObject.swift; sourceTree = "<group>"; };
		0405B050204995A10007BF0D /* SWProblemManager.swift */ = {isa = PBXFileReference; lastKnownFileType = sourcecode.swift; path = SWProblemManager.swift; sourceTree = "<group>"; };
		044C4014203337B900B77A4E /* Utilities.swift */ = {isa = PBXFileReference; fileEncoding = 4; lastKnownFileType = sourcecode.swift; path = Utilities.swift; sourceTree = "<group>"; };
		044C4015203337B900B77A4E /* AnimatableImageView.swift */ = {isa = PBXFileReference; fileEncoding = 4; lastKnownFileType = sourcecode.swift; path = AnimatableImageView.swift; sourceTree = "<group>"; };
		044C4019203337B900B77A4E /* ImageViewerController.xib */ = {isa = PBXFileReference; fileEncoding = 4; lastKnownFileType = file.xib; path = ImageViewerController.xib; sourceTree = "<group>"; };
		044C401A203337B900B77A4E /* ImageViewerConfiguration.swift */ = {isa = PBXFileReference; fileEncoding = 4; lastKnownFileType = sourcecode.swift; path = ImageViewerConfiguration.swift; sourceTree = "<group>"; };
		044C401C203337B900B77A4E /* ImageViewerTransitioningHandler.swift */ = {isa = PBXFileReference; fileEncoding = 4; lastKnownFileType = sourcecode.swift; path = ImageViewerTransitioningHandler.swift; sourceTree = "<group>"; };
		044C401D203337B900B77A4E /* ImageViewerDismissalInteractor.swift */ = {isa = PBXFileReference; fileEncoding = 4; lastKnownFileType = sourcecode.swift; path = ImageViewerDismissalInteractor.swift; sourceTree = "<group>"; };
		044C401E203337B900B77A4E /* ImageViewerPresentationTransition.swift */ = {isa = PBXFileReference; fileEncoding = 4; lastKnownFileType = sourcecode.swift; path = ImageViewerPresentationTransition.swift; sourceTree = "<group>"; };
		044C401F203337B900B77A4E /* ImageViewerDismissalTransition.swift */ = {isa = PBXFileReference; fileEncoding = 4; lastKnownFileType = sourcecode.swift; path = ImageViewerDismissalTransition.swift; sourceTree = "<group>"; };
		044C4020203337B900B77A4E /* ImageViewerController.swift */ = {isa = PBXFileReference; fileEncoding = 4; lastKnownFileType = sourcecode.swift; path = ImageViewerController.swift; sourceTree = "<group>"; };
		045A4A132021CC7E00D08C00 /* SWPageLayout.swift */ = {isa = PBXFileReference; fileEncoding = 4; lastKnownFileType = sourcecode.swift; path = SWPageLayout.swift; sourceTree = "<group>"; };
		04763C5020553AA100BB0AA4 /* SWMarkedProblemsView.swift */ = {isa = PBXFileReference; lastKnownFileType = sourcecode.swift; path = SWMarkedProblemsView.swift; sourceTree = "<group>"; };
		04763C52205547DF00BB0AA4 /* SWMarkedAssemly.swift */ = {isa = PBXFileReference; lastKnownFileType = sourcecode.swift; path = SWMarkedAssemly.swift; sourceTree = "<group>"; };
		04763C54205548B100BB0AA4 /* SWMarkedPresenter.swift */ = {isa = PBXFileReference; lastKnownFileType = sourcecode.swift; path = SWMarkedPresenter.swift; sourceTree = "<group>"; };
		047752C120401EB8001FC3A7 /* SWMarkedProblemsController.swift */ = {isa = PBXFileReference; lastKnownFileType = sourcecode.swift; path = SWMarkedProblemsController.swift; sourceTree = "<group>"; };
		047752C420401F0F001FC3A7 /* SWOwnProblemsController.swift */ = {isa = PBXFileReference; lastKnownFileType = sourcecode.swift; path = SWOwnProblemsController.swift; sourceTree = "<group>"; };
		0485120A202DC8AE0058E3B0 /* SWImageCardForProblemCell.swift */ = {isa = PBXFileReference; lastKnownFileType = sourcecode.swift; path = SWImageCardForProblemCell.swift; sourceTree = "<group>"; };
		048541B020211A44008E6CCA /* SVSwipeCardsView.swift */ = {isa = PBXFileReference; fileEncoding = 4; lastKnownFileType = sourcecode.swift; path = SVSwipeCardsView.swift; sourceTree = "<group>"; };
		048541B220211A4F008E6CCA /* SVSwipeCard.swift */ = {isa = PBXFileReference; fileEncoding = 4; lastKnownFileType = sourcecode.swift; path = SVSwipeCard.swift; sourceTree = "<group>"; };
		048955362020DBEA00D9D1A5 /* SWProblemCell.swift */ = {isa = PBXFileReference; lastKnownFileType = sourcecode.swift; path = SWProblemCell.swift; sourceTree = "<group>"; };
		04BCAE202055558F00CCF1C5 /* SWMarkedProblemCell.swift */ = {isa = PBXFileReference; lastKnownFileType = sourcecode.swift; path = SWMarkedProblemCell.swift; sourceTree = "<group>"; };
		04C488C82049701900C626E4 /* GoogleService-Info.plist */ = {isa = PBXFileReference; fileEncoding = 4; lastKnownFileType = text.plist.xml; path = "GoogleService-Info.plist"; sourceTree = "<group>"; };
		04E4589E2030C8B60090BFF7 /* SWScaleTransition.swift */ = {isa = PBXFileReference; lastKnownFileType = sourcecode.swift; path = SWScaleTransition.swift; sourceTree = "<group>"; };
		04E458A22030CAF90090BFF7 /* SWMapViewController.swift */ = {isa = PBXFileReference; lastKnownFileType = sourcecode.swift; path = SWMapViewController.swift; sourceTree = "<group>"; };
		04E458A82030D2E20090BFF7 /* SWMapView.swift */ = {isa = PBXFileReference; lastKnownFileType = sourcecode.swift; path = SWMapView.swift; sourceTree = "<group>"; };
		04EAAC282031DA0000115ECA /* ColorHexExtension.swift */ = {isa = PBXFileReference; lastKnownFileType = sourcecode.swift; path = ColorHexExtension.swift; sourceTree = "<group>"; };
		0AFE964220108E8A00198B51 /* testTind.app */ = {isa = PBXFileReference; explicitFileType = wrapper.application; includeInIndex = 0; path = testTind.app; sourceTree = BUILT_PRODUCTS_DIR; };
		0AFE964520108E8A00198B51 /* AppDelegate.swift */ = {isa = PBXFileReference; lastKnownFileType = sourcecode.swift; path = AppDelegate.swift; sourceTree = "<group>"; };
		0AFE964720108E8A00198B51 /* SWFreshProblemController.swift */ = {isa = PBXFileReference; lastKnownFileType = sourcecode.swift; path = SWFreshProblemController.swift; sourceTree = "<group>"; };
		0AFE964C20108E8A00198B51 /* Assets.xcassets */ = {isa = PBXFileReference; lastKnownFileType = folder.assetcatalog; path = Assets.xcassets; sourceTree = "<group>"; };
		0AFE964F20108E8A00198B51 /* Base */ = {isa = PBXFileReference; lastKnownFileType = file.storyboard; name = Base; path = Base.lproj/LaunchScreen.storyboard; sourceTree = "<group>"; };
		0AFE965120108E8A00198B51 /* Info.plist */ = {isa = PBXFileReference; lastKnownFileType = text.plist.xml; path = Info.plist; sourceTree = "<group>"; };
		57DEB6E9E54197C7DB7507C5 /* Pods_testTind.framework */ = {isa = PBXFileReference; explicitFileType = wrapper.framework; includeInIndex = 0; path = Pods_testTind.framework; sourceTree = BUILT_PRODUCTS_DIR; };
		58848736C401339C0270CEFD /* Pods-testTind.debug.xcconfig */ = {isa = PBXFileReference; includeInIndex = 1; lastKnownFileType = text.xcconfig; name = "Pods-testTind.debug.xcconfig"; path = "Pods/Target Support Files/Pods-testTind/Pods-testTind.debug.xcconfig"; sourceTree = "<group>"; };
		F2FF802790AE9ACEAD51621A /* Pods-testTind.release.xcconfig */ = {isa = PBXFileReference; includeInIndex = 1; lastKnownFileType = text.xcconfig; name = "Pods-testTind.release.xcconfig"; path = "Pods/Target Support Files/Pods-testTind/Pods-testTind.release.xcconfig"; sourceTree = "<group>"; };
/* End PBXFileReference section */

/* Begin PBXFrameworksBuildPhase section */
		0AFE963F20108E8A00198B51 /* Frameworks */ = {
			isa = PBXFrameworksBuildPhase;
			buildActionMask = 2147483647;
			files = (
				2F1CAC9E2B58B4EAF4CAA7BE /* Pods_testTind.framework in Frameworks */,
			);
			runOnlyForDeploymentPostprocessing = 0;
		};
/* End PBXFrameworksBuildPhase section */

/* Begin PBXGroup section */
		0405B04D204991A20007BF0D /* ProblemModel */ = {
			isa = PBXGroup;
			children = (
				0405B04E204991B70007BF0D /* SWProblemObject.swift */,
				0405B050204995A10007BF0D /* SWProblemManager.swift */,
			);
			path = ProblemModel;
			sourceTree = "<group>";
		};
		044C4013203337B900B77A4E /* FullScreenImage */ = {
			isa = PBXGroup;
			children = (
				044C4014203337B900B77A4E /* Utilities.swift */,
				044C4015203337B900B77A4E /* AnimatableImageView.swift */,
				044C4017203337B900B77A4E /* Resources */,
				044C401A203337B900B77A4E /* ImageViewerConfiguration.swift */,
				044C401B203337B900B77A4E /* Transitions */,
				044C4020203337B900B77A4E /* ImageViewerController.swift */,
			);
			path = FullScreenImage;
			sourceTree = "<group>";
		};
		044C4017203337B900B77A4E /* Resources */ = {
			isa = PBXGroup;
			children = (
				044C4019203337B900B77A4E /* ImageViewerController.xib */,
			);
			path = Resources;
			sourceTree = "<group>";
		};
		044C401B203337B900B77A4E /* Transitions */ = {
			isa = PBXGroup;
			children = (
				044C401C203337B900B77A4E /* ImageViewerTransitioningHandler.swift */,
				044C401D203337B900B77A4E /* ImageViewerDismissalInteractor.swift */,
				044C401E203337B900B77A4E /* ImageViewerPresentationTransition.swift */,
				044C401F203337B900B77A4E /* ImageViewerDismissalTransition.swift */,
			);
			path = Transitions;
			sourceTree = "<group>";
		};
		047752C020401E67001FC3A7 /* Marked Problems */ = {
			isa = PBXGroup;
			children = (
				04BCAE1F20554E5F00CCF1C5 /* Presenter */,
				04BCAE1E20554E5400CCF1C5 /* VIews */,
				04BCAE1D20554E3A00CCF1C5 /* Controller */,
				04763C52205547DF00BB0AA4 /* SWMarkedAssemly.swift */,
			);
			path = "Marked Problems";
			sourceTree = "<group>";
		};
		047752C320401ED3001FC3A7 /* Own Problems */ = {
			isa = PBXGroup;
			children = (
				047752C420401F0F001FC3A7 /* SWOwnProblemsController.swift */,
			);
			path = "Own Problems";
			sourceTree = "<group>";
		};
		04BCAE1D20554E3A00CCF1C5 /* Controller */ = {
			isa = PBXGroup;
			children = (
				047752C120401EB8001FC3A7 /* SWMarkedProblemsController.swift */,
			);
			path = Controller;
			sourceTree = "<group>";
		};
		04BCAE1E20554E5400CCF1C5 /* VIews */ = {
			isa = PBXGroup;
			children = (
				04763C5020553AA100BB0AA4 /* SWMarkedProblemsView.swift */,
				04BCAE202055558F00CCF1C5 /* SWMarkedProblemCell.swift */,
			);
			path = VIews;
			sourceTree = "<group>";
		};
		04BCAE1F20554E5F00CCF1C5 /* Presenter */ = {
			isa = PBXGroup;
			children = (
				04763C54205548B100BB0AA4 /* SWMarkedPresenter.swift */,
			);
			path = Presenter;
			sourceTree = "<group>";
		};
		04CD3CDF20261490006B0127 /* New Problems */ = {
			isa = PBXGroup;
			children = (
				04E458A72030D2A80090BFF7 /* Maps */,
				04E458A52030D21E0090BFF7 /* Problems */,
			);
			path = "New Problems";
			sourceTree = "<group>";
		};
		04E458A42030D1600090BFF7 /* CollectionOfImages */ = {
			isa = PBXGroup;
			children = (
				044C4013203337B900B77A4E /* FullScreenImage */,
				045A4A132021CC7E00D08C00 /* SWPageLayout.swift */,
				0485120A202DC8AE0058E3B0 /* SWImageCardForProblemCell.swift */,
			);
			path = CollectionOfImages;
			sourceTree = "<group>";
		};
		04E458A52030D21E0090BFF7 /* Problems */ = {
			isa = PBXGroup;
			children = (
				0AFE965820108F6000198B51 /* CardView */,
				0AFE964720108E8A00198B51 /* SWFreshProblemController.swift */,
				048955362020DBEA00D9D1A5 /* SWProblemCell.swift */,
				04E458A62030D27C0090BFF7 /* BubbleTransactionForMap */,
				04E458A42030D1600090BFF7 /* CollectionOfImages */,
			);
			path = Problems;
			sourceTree = "<group>";
		};
		04E458A62030D27C0090BFF7 /* BubbleTransactionForMap */ = {
			isa = PBXGroup;
			children = (
				04E4589E2030C8B60090BFF7 /* SWScaleTransition.swift */,
			);
			path = BubbleTransactionForMap;
			sourceTree = "<group>";
		};
		04E458A72030D2A80090BFF7 /* Maps */ = {
			isa = PBXGroup;
			children = (
				04E458A22030CAF90090BFF7 /* SWMapViewController.swift */,
				04E458A82030D2E20090BFF7 /* SWMapView.swift */,
			);
			path = Maps;
			sourceTree = "<group>";
		};
		0AFE963920108E8A00198B51 = {
			isa = PBXGroup;
			children = (
				0AFE964420108E8A00198B51 /* testTind */,
				0AFE964320108E8A00198B51 /* Products */,
				75DF44C216FBD106A6077B9B /* Pods */,
				7B7A42E2359456E2C1E52682 /* Frameworks */,
			);
			sourceTree = "<group>";
		};
		0AFE964320108E8A00198B51 /* Products */ = {
			isa = PBXGroup;
			children = (
				0AFE964220108E8A00198B51 /* testTind.app */,
			);
			name = Products;
			sourceTree = "<group>";
		};
		0AFE964420108E8A00198B51 /* testTind */ = {
			isa = PBXGroup;
			children = (
				0405B04D204991A20007BF0D /* ProblemModel */,
				047752C320401ED3001FC3A7 /* Own Problems */,
				047752C020401E67001FC3A7 /* Marked Problems */,
				04CD3CDF20261490006B0127 /* New Problems */,
				0AFE965120108E8A00198B51 /* Info.plist */,
				0AFE965720108E9800198B51 /* SupportingFiles */,
				04EAAC282031DA0000115ECA /* ColorHexExtension.swift */,
			);
			path = testTind;
			sourceTree = "<group>";
		};
		0AFE965720108E9800198B51 /* SupportingFiles */ = {
			isa = PBXGroup;
			children = (
				04C488C82049701900C626E4 /* GoogleService-Info.plist */,
				0AFE964520108E8A00198B51 /* AppDelegate.swift */,
				0AFE964C20108E8A00198B51 /* Assets.xcassets */,
				0AFE964E20108E8A00198B51 /* LaunchScreen.storyboard */,
			);
			path = SupportingFiles;
			sourceTree = "<group>";
		};
		0AFE965820108F6000198B51 /* CardView */ = {
			isa = PBXGroup;
			children = (
				048541B020211A44008E6CCA /* SVSwipeCardsView.swift */,
				048541B220211A4F008E6CCA /* SVSwipeCard.swift */,
			);
			path = CardView;
			sourceTree = "<group>";
		};
		75DF44C216FBD106A6077B9B /* Pods */ = {
			isa = PBXGroup;
			children = (
				58848736C401339C0270CEFD /* Pods-testTind.debug.xcconfig */,
				F2FF802790AE9ACEAD51621A /* Pods-testTind.release.xcconfig */,
			);
			name = Pods;
			sourceTree = "<group>";
		};
		7B7A42E2359456E2C1E52682 /* Frameworks */ = {
			isa = PBXGroup;
			children = (
				57DEB6E9E54197C7DB7507C5 /* Pods_testTind.framework */,
			);
			name = Frameworks;
			sourceTree = "<group>";
		};
/* End PBXGroup section */

/* Begin PBXNativeTarget section */
		0AFE964120108E8A00198B51 /* testTind */ = {
			isa = PBXNativeTarget;
			buildConfigurationList = 0AFE965420108E8A00198B51 /* Build configuration list for PBXNativeTarget "testTind" */;
			buildPhases = (
				9D053EE9566A809A56372320 /* [CP] Check Pods Manifest.lock */,
				0AFE963E20108E8A00198B51 /* Sources */,
				0AFE963F20108E8A00198B51 /* Frameworks */,
				0AFE964020108E8A00198B51 /* Resources */,
				8393F66FFCEE3F786CF42B98 /* [CP] Embed Pods Frameworks */,
				635D837AD92CEFB760F5C338 /* [CP] Copy Pods Resources */,
			);
			buildRules = (
			);
			dependencies = (
			);
			name = testTind;
			productName = testTind;
			productReference = 0AFE964220108E8A00198B51 /* testTind.app */;
			productType = "com.apple.product-type.application";
		};
/* End PBXNativeTarget section */

/* Begin PBXProject section */
		0AFE963A20108E8A00198B51 /* Project object */ = {
			isa = PBXProject;
			attributes = {
				LastSwiftUpdateCheck = 0920;
				LastUpgradeCheck = 0920;
				ORGANIZATIONNAME = "Uladzislau Abramchuk";
				TargetAttributes = {
					0AFE964120108E8A00198B51 = {
						CreatedOnToolsVersion = 9.2;
						ProvisioningStyle = Automatic;
					};
				};
			};
			buildConfigurationList = 0AFE963D20108E8A00198B51 /* Build configuration list for PBXProject "testTind" */;
			compatibilityVersion = "Xcode 8.0";
			developmentRegion = en;
			hasScannedForEncodings = 0;
			knownRegions = (
				en,
				Base,
			);
			mainGroup = 0AFE963920108E8A00198B51;
			productRefGroup = 0AFE964320108E8A00198B51 /* Products */;
			projectDirPath = "";
			projectRoot = "";
			targets = (
				0AFE964120108E8A00198B51 /* testTind */,
			);
		};
/* End PBXProject section */

/* Begin PBXResourcesBuildPhase section */
		0AFE964020108E8A00198B51 /* Resources */ = {
			isa = PBXResourcesBuildPhase;
			buildActionMask = 2147483647;
			files = (
				0AFE965020108E8A00198B51 /* LaunchScreen.storyboard in Resources */,
				04C488C92049701900C626E4 /* GoogleService-Info.plist in Resources */,
				0AFE964D20108E8A00198B51 /* Assets.xcassets in Resources */,
				044C4025203337B900B77A4E /* ImageViewerController.xib in Resources */,
			);
			runOnlyForDeploymentPostprocessing = 0;
		};
/* End PBXResourcesBuildPhase section */

/* Begin PBXShellScriptBuildPhase section */
		635D837AD92CEFB760F5C338 /* [CP] Copy Pods Resources */ = {
			isa = PBXShellScriptBuildPhase;
			buildActionMask = 2147483647;
			files = (
			);
			inputPaths = (
			);
			name = "[CP] Copy Pods Resources";
			outputPaths = (
			);
			runOnlyForDeploymentPostprocessing = 0;
			shellPath = /bin/sh;
			shellScript = "\"${SRCROOT}/Pods/Target Support Files/Pods-testTind/Pods-testTind-resources.sh\"\n";
			showEnvVarsInLog = 0;
		};
		8393F66FFCEE3F786CF42B98 /* [CP] Embed Pods Frameworks */ = {
			isa = PBXShellScriptBuildPhase;
			buildActionMask = 2147483647;
			files = (
			);
			inputPaths = (
				"${SRCROOT}/Pods/Target Support Files/Pods-testTind/Pods-testTind-frameworks.sh",
				"${BUILT_PRODUCTS_DIR}/GoogleToolboxForMac/GoogleToolboxForMac.framework",
				"${BUILT_PRODUCTS_DIR}/SDWebImage/SDWebImage.framework",
				"${BUILT_PRODUCTS_DIR}/leveldb-library/leveldb.framework",
				"${BUILT_PRODUCTS_DIR}/nanopb/nanopb.framework",
			);
			name = "[CP] Embed Pods Frameworks";
			outputPaths = (
				"${TARGET_BUILD_DIR}/${FRAMEWORKS_FOLDER_PATH}/GoogleToolboxForMac.framework",
				"${TARGET_BUILD_DIR}/${FRAMEWORKS_FOLDER_PATH}/SDWebImage.framework",
				"${TARGET_BUILD_DIR}/${FRAMEWORKS_FOLDER_PATH}/leveldb.framework",
				"${TARGET_BUILD_DIR}/${FRAMEWORKS_FOLDER_PATH}/nanopb.framework",
			);
			runOnlyForDeploymentPostprocessing = 0;
			shellPath = /bin/sh;
			shellScript = "\"${SRCROOT}/Pods/Target Support Files/Pods-testTind/Pods-testTind-frameworks.sh\"\n";
			showEnvVarsInLog = 0;
		};
		9D053EE9566A809A56372320 /* [CP] Check Pods Manifest.lock */ = {
			isa = PBXShellScriptBuildPhase;
			buildActionMask = 2147483647;
			files = (
			);
			inputPaths = (
				"${PODS_PODFILE_DIR_PATH}/Podfile.lock",
				"${PODS_ROOT}/Manifest.lock",
			);
			name = "[CP] Check Pods Manifest.lock";
			outputPaths = (
				"$(DERIVED_FILE_DIR)/Pods-testTind-checkManifestLockResult.txt",
			);
			runOnlyForDeploymentPostprocessing = 0;
			shellPath = /bin/sh;
			shellScript = "diff \"${PODS_PODFILE_DIR_PATH}/Podfile.lock\" \"${PODS_ROOT}/Manifest.lock\" > /dev/null\nif [ $? != 0 ] ; then\n    # print error to STDERR\n    echo \"error: The sandbox is not in sync with the Podfile.lock. Run 'pod install' or update your CocoaPods installation.\" >&2\n    exit 1\nfi\n# This output is used by Xcode 'outputs' to avoid re-running this script phase.\necho \"SUCCESS\" > \"${SCRIPT_OUTPUT_FILE_0}\"\n";
			showEnvVarsInLog = 0;
		};
/* End PBXShellScriptBuildPhase section */

/* Begin PBXSourcesBuildPhase section */
		0AFE963E20108E8A00198B51 /* Sources */ = {
			isa = PBXSourcesBuildPhase;
			buildActionMask = 2147483647;
			files = (
				04763C53205547DF00BB0AA4 /* SWMarkedAssemly.swift in Sources */,
				044C4028203337B900B77A4E /* ImageViewerDismissalInteractor.swift in Sources */,
				04E4589F2030C8B60090BFF7 /* SWScaleTransition.swift in Sources */,
				044C4029203337B900B77A4E /* ImageViewerPresentationTransition.swift in Sources */,
				04763C55205548B100BB0AA4 /* SWMarkedPresenter.swift in Sources */,
				047752C520401F0F001FC3A7 /* SWOwnProblemsController.swift in Sources */,
				045A4A142021CC7E00D08C00 /* SWPageLayout.swift in Sources */,
				044C4023203337B900B77A4E /* AnimatableImageView.swift in Sources */,
				0405B04F204991B70007BF0D /* SWProblemObject.swift in Sources */,
				048955372020DBEA00D9D1A5 /* SWProblemCell.swift in Sources */,
				04E458A92030D2E20090BFF7 /* SWMapView.swift in Sources */,
				044C402B203337B900B77A4E /* ImageViewerController.swift in Sources */,
				047752C220401EB8001FC3A7 /* SWMarkedProblemsController.swift in Sources */,
				044C4022203337B900B77A4E /* Utilities.swift in Sources */,
				04E458A32030CAF90090BFF7 /* SWMapViewController.swift in Sources */,
				048541B120211A44008E6CCA /* SVSwipeCardsView.swift in Sources */,
				044C402A203337B900B77A4E /* ImageViewerDismissalTransition.swift in Sources */,
				0485120B202DC8AE0058E3B0 /* SWImageCardForProblemCell.swift in Sources */,
				044C4026203337B900B77A4E /* ImageViewerConfiguration.swift in Sources */,
				048541B320211A4F008E6CCA /* SVSwipeCard.swift in Sources */,
				0405B051204995A10007BF0D /* SWProblemManager.swift in Sources */,
				044C4027203337B900B77A4E /* ImageViewerTransitioningHandler.swift in Sources */,
				0AFE964820108E8A00198B51 /* SWFreshProblemController.swift in Sources */,
				0AFE964620108E8A00198B51 /* AppDelegate.swift in Sources */,
				04BCAE212055558F00CCF1C5 /* SWMarkedProblemCell.swift in Sources */,
				04763C5120553AA100BB0AA4 /* SWMarkedProblemsView.swift in Sources */,
				04EAAC292031DA0000115ECA /* ColorHexExtension.swift in Sources */,
			);
			runOnlyForDeploymentPostprocessing = 0;
		};
/* End PBXSourcesBuildPhase section */

/* Begin PBXVariantGroup section */
		0AFE964E20108E8A00198B51 /* LaunchScreen.storyboard */ = {
			isa = PBXVariantGroup;
			children = (
				0AFE964F20108E8A00198B51 /* Base */,
			);
			name = LaunchScreen.storyboard;
			sourceTree = "<group>";
		};
/* End PBXVariantGroup section */

/* Begin XCBuildConfiguration section */
		0AFE965220108E8A00198B51 /* Debug */ = {
			isa = XCBuildConfiguration;
			buildSettings = {
				ALWAYS_SEARCH_USER_PATHS = NO;
				CLANG_ANALYZER_NONNULL = YES;
				CLANG_ANALYZER_NUMBER_OBJECT_CONVERSION = YES_AGGRESSIVE;
				CLANG_CXX_LANGUAGE_STANDARD = "gnu++14";
				CLANG_CXX_LIBRARY = "libc++";
				CLANG_ENABLE_MODULES = YES;
				CLANG_ENABLE_OBJC_ARC = YES;
				CLANG_WARN_BLOCK_CAPTURE_AUTORELEASING = YES;
				CLANG_WARN_BOOL_CONVERSION = YES;
				CLANG_WARN_COMMA = YES;
				CLANG_WARN_CONSTANT_CONVERSION = YES;
				CLANG_WARN_DIRECT_OBJC_ISA_USAGE = YES_ERROR;
				CLANG_WARN_DOCUMENTATION_COMMENTS = YES;
				CLANG_WARN_EMPTY_BODY = YES;
				CLANG_WARN_ENUM_CONVERSION = YES;
				CLANG_WARN_INFINITE_RECURSION = YES;
				CLANG_WARN_INT_CONVERSION = YES;
				CLANG_WARN_NON_LITERAL_NULL_CONVERSION = YES;
				CLANG_WARN_OBJC_LITERAL_CONVERSION = YES;
				CLANG_WARN_OBJC_ROOT_CLASS = YES_ERROR;
				CLANG_WARN_RANGE_LOOP_ANALYSIS = YES;
				CLANG_WARN_STRICT_PROTOTYPES = YES;
				CLANG_WARN_SUSPICIOUS_MOVE = YES;
				CLANG_WARN_UNGUARDED_AVAILABILITY = YES_AGGRESSIVE;
				CLANG_WARN_UNREACHABLE_CODE = YES;
				CLANG_WARN__DUPLICATE_METHOD_MATCH = YES;
				CODE_SIGN_IDENTITY = "iPhone Developer";
				COPY_PHASE_STRIP = NO;
				DEBUG_INFORMATION_FORMAT = dwarf;
				ENABLE_STRICT_OBJC_MSGSEND = YES;
				ENABLE_TESTABILITY = YES;
				GCC_C_LANGUAGE_STANDARD = gnu11;
				GCC_DYNAMIC_NO_PIC = NO;
				GCC_NO_COMMON_BLOCKS = YES;
				GCC_OPTIMIZATION_LEVEL = 0;
				GCC_PREPROCESSOR_DEFINITIONS = (
					"DEBUG=1",
					"$(inherited)",
				);
				GCC_WARN_64_TO_32_BIT_CONVERSION = YES;
				GCC_WARN_ABOUT_RETURN_TYPE = YES_ERROR;
				GCC_WARN_UNDECLARED_SELECTOR = YES;
				GCC_WARN_UNINITIALIZED_AUTOS = YES_AGGRESSIVE;
				GCC_WARN_UNUSED_FUNCTION = YES;
				GCC_WARN_UNUSED_VARIABLE = YES;
				IPHONEOS_DEPLOYMENT_TARGET = 11.2;
				MTL_ENABLE_DEBUG_INFO = YES;
				ONLY_ACTIVE_ARCH = YES;
				SDKROOT = iphoneos;
				SWIFT_ACTIVE_COMPILATION_CONDITIONS = DEBUG;
				SWIFT_OPTIMIZATION_LEVEL = "-Onone";
			};
			name = Debug;
		};
		0AFE965320108E8A00198B51 /* Release */ = {
			isa = XCBuildConfiguration;
			buildSettings = {
				ALWAYS_SEARCH_USER_PATHS = NO;
				CLANG_ANALYZER_NONNULL = YES;
				CLANG_ANALYZER_NUMBER_OBJECT_CONVERSION = YES_AGGRESSIVE;
				CLANG_CXX_LANGUAGE_STANDARD = "gnu++14";
				CLANG_CXX_LIBRARY = "libc++";
				CLANG_ENABLE_MODULES = YES;
				CLANG_ENABLE_OBJC_ARC = YES;
				CLANG_WARN_BLOCK_CAPTURE_AUTORELEASING = YES;
				CLANG_WARN_BOOL_CONVERSION = YES;
				CLANG_WARN_COMMA = YES;
				CLANG_WARN_CONSTANT_CONVERSION = YES;
				CLANG_WARN_DIRECT_OBJC_ISA_USAGE = YES_ERROR;
				CLANG_WARN_DOCUMENTATION_COMMENTS = YES;
				CLANG_WARN_EMPTY_BODY = YES;
				CLANG_WARN_ENUM_CONVERSION = YES;
				CLANG_WARN_INFINITE_RECURSION = YES;
				CLANG_WARN_INT_CONVERSION = YES;
				CLANG_WARN_NON_LITERAL_NULL_CONVERSION = YES;
				CLANG_WARN_OBJC_LITERAL_CONVERSION = YES;
				CLANG_WARN_OBJC_ROOT_CLASS = YES_ERROR;
				CLANG_WARN_RANGE_LOOP_ANALYSIS = YES;
				CLANG_WARN_STRICT_PROTOTYPES = YES;
				CLANG_WARN_SUSPICIOUS_MOVE = YES;
				CLANG_WARN_UNGUARDED_AVAILABILITY = YES_AGGRESSIVE;
				CLANG_WARN_UNREACHABLE_CODE = YES;
				CLANG_WARN__DUPLICATE_METHOD_MATCH = YES;
				CODE_SIGN_IDENTITY = "iPhone Developer";
				COPY_PHASE_STRIP = NO;
				DEBUG_INFORMATION_FORMAT = "dwarf-with-dsym";
				ENABLE_NS_ASSERTIONS = NO;
				ENABLE_STRICT_OBJC_MSGSEND = YES;
				GCC_C_LANGUAGE_STANDARD = gnu11;
				GCC_NO_COMMON_BLOCKS = YES;
				GCC_WARN_64_TO_32_BIT_CONVERSION = YES;
				GCC_WARN_ABOUT_RETURN_TYPE = YES_ERROR;
				GCC_WARN_UNDECLARED_SELECTOR = YES;
				GCC_WARN_UNINITIALIZED_AUTOS = YES_AGGRESSIVE;
				GCC_WARN_UNUSED_FUNCTION = YES;
				GCC_WARN_UNUSED_VARIABLE = YES;
				IPHONEOS_DEPLOYMENT_TARGET = 11.2;
				MTL_ENABLE_DEBUG_INFO = NO;
				SDKROOT = iphoneos;
				SWIFT_OPTIMIZATION_LEVEL = "-Owholemodule";
				VALIDATE_PRODUCT = YES;
			};
			name = Release;
		};
		0AFE965520108E8A00198B51 /* Debug */ = {
			isa = XCBuildConfiguration;
			baseConfigurationReference = 58848736C401339C0270CEFD /* Pods-testTind.debug.xcconfig */;
			buildSettings = {
				ASSETCATALOG_COMPILER_APPICON_NAME = AppIcon;
				CODE_SIGN_STYLE = Automatic;
				DEVELOPMENT_TEAM = J5NE3A3BDY;
				INFOPLIST_FILE = testTind/Info.plist;
				IPHONEOS_DEPLOYMENT_TARGET = 10.2;
				LD_RUNPATH_SEARCH_PATHS = "$(inherited) @executable_path/Frameworks";
				PRODUCT_BUNDLE_IDENTIFIER = v.abr.svr.problem;
				PRODUCT_NAME = "$(TARGET_NAME)";
				SWIFT_VERSION = 4.0;
				TARGETED_DEVICE_FAMILY = 1;
			};
			name = Debug;
		};
		0AFE965620108E8A00198B51 /* Release */ = {
			isa = XCBuildConfiguration;
			baseConfigurationReference = F2FF802790AE9ACEAD51621A /* Pods-testTind.release.xcconfig */;
			buildSettings = {
				ASSETCATALOG_COMPILER_APPICON_NAME = AppIcon;
				CODE_SIGN_STYLE = Automatic;
				DEVELOPMENT_TEAM = J5NE3A3BDY;
				INFOPLIST_FILE = testTind/Info.plist;
				IPHONEOS_DEPLOYMENT_TARGET = 10.2;
				LD_RUNPATH_SEARCH_PATHS = "$(inherited) @executable_path/Frameworks";
				PRODUCT_BUNDLE_IDENTIFIER = v.abr.svr.problem;
				PRODUCT_NAME = "$(TARGET_NAME)";
				SWIFT_VERSION = 4.0;
				TARGETED_DEVICE_FAMILY = 1;
			};
			name = Release;
		};
/* End XCBuildConfiguration section */

/* Begin XCConfigurationList section */
		0AFE963D20108E8A00198B51 /* Build configuration list for PBXProject "testTind" */ = {
			isa = XCConfigurationList;
			buildConfigurations = (
				0AFE965220108E8A00198B51 /* Debug */,
				0AFE965320108E8A00198B51 /* Release */,
			);
			defaultConfigurationIsVisible = 0;
			defaultConfigurationName = Release;
		};
		0AFE965420108E8A00198B51 /* Build configuration list for PBXNativeTarget "testTind" */ = {
			isa = XCConfigurationList;
			buildConfigurations = (
				0AFE965520108E8A00198B51 /* Debug */,
				0AFE965620108E8A00198B51 /* Release */,
			);
			defaultConfigurationIsVisible = 0;
			defaultConfigurationName = Release;
		};
/* End XCConfigurationList section */
	};
	rootObject = 0AFE963A20108E8A00198B51 /* Project object */;
}
